// !$*UTF8*$!
{
	archiveVersion = 1;
	classes = {
	};
	objectVersion = 46;
	objects = {

/* Begin PBXBuildFile section */
		A340FF7719990945003E4809 /* AppDelegate.swift in Sources */ = {isa = PBXBuildFile; fileRef = A340FF7619990945003E4809 /* AppDelegate.swift */; };
		A340FF7919990945003E4809 /* BreakoutGame.swift in Sources */ = {isa = PBXBuildFile; fileRef = A340FF7819990945003E4809 /* BreakoutGame.swift */; };
		A340FF7C19990945003E4809 /* Main.storyboard in Resources */ = {isa = PBXBuildFile; fileRef = A340FF7A19990945003E4809 /* Main.storyboard */; };
		A340FF7E19990945003E4809 /* Images.xcassets in Resources */ = {isa = PBXBuildFile; fileRef = A340FF7D19990945003E4809 /* Images.xcassets */; };
		A340FF8A19990945003E4809 /* swift_breakoutTests.swift in Sources */ = {isa = PBXBuildFile; fileRef = A340FF8919990945003E4809 /* swift_breakoutTests.swift */; };
		A340FF941999099A003E4809 /* LICENSE in Resources */ = {isa = PBXBuildFile; fileRef = A340FF931999099A003E4809 /* LICENSE */; };
		A340FF96199909AA003E4809 /* README.md in Sources */ = {isa = PBXBuildFile; fileRef = A340FF95199909AA003E4809 /* README.md */; };
/* End PBXBuildFile section */

/* Begin PBXContainerItemProxy section */
		A340FF8419990945003E4809 /* PBXContainerItemProxy */ = {
			isa = PBXContainerItemProxy;
			containerPortal = A340FF6919990945003E4809 /* Project object */;
			proxyType = 1;
			remoteGlobalIDString = A340FF7019990945003E4809;
			remoteInfo = "swift-breakout";
		};
/* End PBXContainerItemProxy section */

/* Begin PBXFileReference section */
		A340FF7119990945003E4809 /* swift-breakout.app */ = {isa = PBXFileReference; explicitFileType = wrapper.application; includeInIndex = 0; path = "swift-breakout.app"; sourceTree = BUILT_PRODUCTS_DIR; };
		A340FF7519990945003E4809 /* Info.plist */ = {isa = PBXFileReference; lastKnownFileType = text.plist.xml; path = Info.plist; sourceTree = "<group>"; };
		A340FF7619990945003E4809 /* AppDelegate.swift */ = {isa = PBXFileReference; lastKnownFileType = sourcecode.swift; path = AppDelegate.swift; sourceTree = "<group>"; };
		A340FF7819990945003E4809 /* BreakoutGame.swift */ = {isa = PBXFileReference; lastKnownFileType = sourcecode.swift; path = BreakoutGame.swift; sourceTree = "<group>"; };
		A340FF7B19990945003E4809 /* Base */ = {isa = PBXFileReference; lastKnownFileType = file.storyboard; name = Base; path = Base.lproj/Main.storyboard; sourceTree = "<group>"; };
		A340FF7D19990945003E4809 /* Images.xcassets */ = {isa = PBXFileReference; lastKnownFileType = folder.assetcatalog; path = Images.xcassets; sourceTree = "<group>"; };
		A340FF8319990945003E4809 /* swift-breakoutTests.xctest */ = {isa = PBXFileReference; explicitFileType = wrapper.cfbundle; includeInIndex = 0; path = "swift-breakoutTests.xctest"; sourceTree = BUILT_PRODUCTS_DIR; };
		A340FF8819990945003E4809 /* Info.plist */ = {isa = PBXFileReference; lastKnownFileType = text.plist.xml; path = Info.plist; sourceTree = "<group>"; };
		A340FF8919990945003E4809 /* swift_breakoutTests.swift */ = {isa = PBXFileReference; lastKnownFileType = sourcecode.swift; path = swift_breakoutTests.swift; sourceTree = "<group>"; };
		A340FF931999099A003E4809 /* LICENSE */ = {isa = PBXFileReference; fileEncoding = 4; lastKnownFileType = text; path = LICENSE; sourceTree = "<group>"; };
		A340FF95199909AA003E4809 /* README.md */ = {isa = PBXFileReference; fileEncoding = 4; lastKnownFileType = net.daringfireball.markdown; path = README.md; sourceTree = "<group>"; };
/* End PBXFileReference section */

/* Begin PBXFrameworksBuildPhase section */
		A340FF6E19990945003E4809 /* Frameworks */ = {
			isa = PBXFrameworksBuildPhase;
			buildActionMask = 2147483647;
			files = (
			);
			runOnlyForDeploymentPostprocessing = 0;
		};
		A340FF8019990945003E4809 /* Frameworks */ = {
			isa = PBXFrameworksBuildPhase;
			buildActionMask = 2147483647;
			files = (
			);
			runOnlyForDeploymentPostprocessing = 0;
		};
/* End PBXFrameworksBuildPhase section */

/* Begin PBXGroup section */
		A340FF6819990945003E4809 = {
			isa = PBXGroup;
			children = (
				A340FF95199909AA003E4809 /* README.md */,
				A340FF931999099A003E4809 /* LICENSE */,
				A340FF7319990945003E4809 /* swift-breakout */,
				A340FF8619990945003E4809 /* swift-breakoutTests */,
				A340FF7219990945003E4809 /* Products */,
			);
			sourceTree = "<group>";
		};
		A340FF7219990945003E4809 /* Products */ = {
			isa = PBXGroup;
			children = (
				A340FF7119990945003E4809 /* swift-breakout.app */,
				A340FF8319990945003E4809 /* swift-breakoutTests.xctest */,
			);
			name = Products;
			sourceTree = "<group>";
		};
		A340FF7319990945003E4809 /* swift-breakout */ = {
			isa = PBXGroup;
			children = (
				A340FF7619990945003E4809 /* AppDelegate.swift */,
				A340FF7819990945003E4809 /* BreakoutGame.swift */,
				A340FF7A19990945003E4809 /* Main.storyboard */,
				A340FF7D19990945003E4809 /* Images.xcassets */,
				A340FF7419990945003E4809 /* Supporting Files */,
			);
			path = "swift-breakout";
			sourceTree = "<group>";
		};
		A340FF7419990945003E4809 /* Supporting Files */ = {
			isa = PBXGroup;
			children = (
				A340FF7519990945003E4809 /* Info.plist */,
			);
			name = "Supporting Files";
			sourceTree = "<group>";
		};
		A340FF8619990945003E4809 /* swift-breakoutTests */ = {
			isa = PBXGroup;
			children = (
				A340FF8919990945003E4809 /* swift_breakoutTests.swift */,
				A340FF8719990945003E4809 /* Supporting Files */,
			);
			path = "swift-breakoutTests";
			sourceTree = "<group>";
		};
		A340FF8719990945003E4809 /* Supporting Files */ = {
			isa = PBXGroup;
			children = (
				A340FF8819990945003E4809 /* Info.plist */,
			);
			name = "Supporting Files";
			sourceTree = "<group>";
		};
/* End PBXGroup section */

/* Begin PBXNativeTarget section */
		A340FF7019990945003E4809 /* swift-breakout */ = {
			isa = PBXNativeTarget;
			buildConfigurationList = A340FF8D19990945003E4809 /* Build configuration list for PBXNativeTarget "swift-breakout" */;
			buildPhases = (
				A340FF6D19990945003E4809 /* Sources */,
				A340FF6E19990945003E4809 /* Frameworks */,
				A340FF6F19990945003E4809 /* Resources */,
			);
			buildRules = (
			);
			dependencies = (
			);
			name = "swift-breakout";
			productName = "swift-breakout";
			productReference = A340FF7119990945003E4809 /* swift-breakout.app */;
			productType = "com.apple.product-type.application";
		};
		A340FF8219990945003E4809 /* swift-breakoutTests */ = {
			isa = PBXNativeTarget;
			buildConfigurationList = A340FF9019990945003E4809 /* Build configuration list for PBXNativeTarget "swift-breakoutTests" */;
			buildPhases = (
				A340FF7F19990945003E4809 /* Sources */,
				A340FF8019990945003E4809 /* Frameworks */,
				A340FF8119990945003E4809 /* Resources */,
			);
			buildRules = (
			);
			dependencies = (
				A340FF8519990945003E4809 /* PBXTargetDependency */,
			);
			name = "swift-breakoutTests";
			productName = "swift-breakoutTests";
			productReference = A340FF8319990945003E4809 /* swift-breakoutTests.xctest */;
			productType = "com.apple.product-type.bundle.unit-test";
		};
/* End PBXNativeTarget section */

/* Begin PBXProject section */
		A340FF6919990945003E4809 /* Project object */ = {
			isa = PBXProject;
			attributes = {
				LastUpgradeCheck = 0600;
				ORGANIZATIONNAME = "Luke Godfrey";
				TargetAttributes = {
					A340FF7019990945003E4809 = {
						CreatedOnToolsVersion = 6.0;
						DevelopmentTeam = FUJL25JX4T;
					};
					A340FF8219990945003E4809 = {
						CreatedOnToolsVersion = 6.0;
						TestTargetID = A340FF7019990945003E4809;
					};
				};
			};
			buildConfigurationList = A340FF6C19990945003E4809 /* Build configuration list for PBXProject "swift-breakout" */;
			compatibilityVersion = "Xcode 3.2";
			developmentRegion = English;
			hasScannedForEncodings = 0;
			knownRegions = (
				en,
				Base,
			);
			mainGroup = A340FF6819990945003E4809;
			productRefGroup = A340FF7219990945003E4809 /* Products */;
			projectDirPath = "";
			projectRoot = "";
			targets = (
				A340FF7019990945003E4809 /* swift-breakout */,
				A340FF8219990945003E4809 /* swift-breakoutTests */,
			);
		};
/* End PBXProject section */

/* Begin PBXResourcesBuildPhase section */
		A340FF6F19990945003E4809 /* Resources */ = {
			isa = PBXResourcesBuildPhase;
			buildActionMask = 2147483647;
			files = (
				A340FF941999099A003E4809 /* LICENSE in Resources */,
				A340FF7C19990945003E4809 /* Main.storyboard in Resources */,
				A340FF7E19990945003E4809 /* Images.xcassets in Resources */,
			);
			runOnlyForDeploymentPostprocessing = 0;
		};
		A340FF8119990945003E4809 /* Resources */ = {
			isa = PBXResourcesBuildPhase;
			buildActionMask = 2147483647;
			files = (
			);
			runOnlyForDeploymentPostprocessing = 0;
		};
/* End PBXResourcesBuildPhase section */

/* Begin PBXSourcesBuildPhase section */
		A340FF6D19990945003E4809 /* Sources */ = {
			isa = PBXSourcesBuildPhase;
			buildActionMask = 2147483647;
			files = (
				A340FF96199909AA003E4809 /* README.md in Sources */,
				A340FF7919990945003E4809 /* BreakoutGame.swift in Sources */,
				A340FF7719990945003E4809 /* AppDelegate.swift in Sources */,
			);
			runOnlyForDeploymentPostprocessing = 0;
		};
		A340FF7F19990945003E4809 /* Sources */ = {
			isa = PBXSourcesBuildPhase;
			buildActionMask = 2147483647;
			files = (
				A340FF8A19990945003E4809 /* swift_breakoutTests.swift in Sources */,
			);
			runOnlyForDeploymentPostprocessing = 0;
		};
/* End PBXSourcesBuildPhase section */

/* Begin PBXTargetDependency section */
		A340FF8519990945003E4809 /* PBXTargetDependency */ = {
			isa = PBXTargetDependency;
			target = A340FF7019990945003E4809 /* swift-breakout */;
			targetProxy = A340FF8419990945003E4809 /* PBXContainerItemProxy */;
		};
/* End PBXTargetDependency section */

/* Begin PBXVariantGroup section */
		A340FF7A19990945003E4809 /* Main.storyboard */ = {
			isa = PBXVariantGroup;
			children = (
				A340FF7B19990945003E4809 /* Base */,
			);
			name = Main.storyboard;
			sourceTree = "<group>";
		};
/* End PBXVariantGroup section */

/* Begin XCBuildConfiguration section */
		A340FF8B19990945003E4809 /* Debug */ = {
			isa = XCBuildConfiguration;
			buildSettings = {
				ALWAYS_SEARCH_USER_PATHS = NO;
				CLANG_CXX_LANGUAGE_STANDARD = "gnu++0x";
				CLANG_CXX_LIBRARY = "libc++";
				CLANG_ENABLE_MODULES = YES;
				CLANG_ENABLE_OBJC_ARC = YES;
				CLANG_WARN_BOOL_CONVERSION = YES;
				CLANG_WARN_CONSTANT_CONVERSION = YES;
				CLANG_WARN_DIRECT_OBJC_ISA_USAGE = YES_ERROR;
				CLANG_WARN_EMPTY_BODY = YES;
				CLANG_WARN_ENUM_CONVERSION = YES;
				CLANG_WARN_INT_CONVERSION = YES;
				CLANG_WARN_OBJC_ROOT_CLASS = YES_ERROR;
				CLANG_WARN_UNREACHABLE_CODE = YES;
				CLANG_WARN__DUPLICATE_METHOD_MATCH = YES;
				"CODE_SIGN_IDENTITY[sdk=iphoneos*]" = "iPhone Developer";
				COPY_PHASE_STRIP = NO;
				ENABLE_STRICT_OBJC_MSGSEND = YES;
				GCC_C_LANGUAGE_STANDARD = gnu99;
				GCC_DYNAMIC_NO_PIC = NO;
				GCC_OPTIMIZATION_LEVEL = 0;
				GCC_PREPROCESSOR_DEFINITIONS = (
					"DEBUG=1",
					"$(inherited)",
				);
				GCC_SYMBOLS_PRIVATE_EXTERN = NO;
				GCC_WARN_64_TO_32_BIT_CONVERSION = YES;
				GCC_WARN_ABOUT_RETURN_TYPE = YES_ERROR;
				GCC_WARN_UNDECLARED_SELECTOR = YES;
				GCC_WARN_UNINITIALIZED_AUTOS = YES_AGGRESSIVE;
				GCC_WARN_UNUSED_FUNCTION = YES;
				GCC_WARN_UNUSED_VARIABLE = YES;
				IPHONEOS_DEPLOYMENT_TARGET = 8.0;
				MTL_ENABLE_DEBUG_INFO = YES;
				ONLY_ACTIVE_ARCH = YES;
				SDKROOT = iphoneos;
				SWIFT_OPTIMIZATION_LEVEL = "-Onone";
				TARGETED_DEVICE_FAMILY = "1,2";
			};
			name = Debug;
		};
		A340FF8C19990945003E4809 /* Release */ = {
			isa = XCBuildConfiguration;
			buildSettings = {
				ALWAYS_SEARCH_USER_PATHS = NO;
				CLANG_CXX_LANGUAGE_STANDARD = "gnu++0x";
				CLANG_CXX_LIBRARY = "libc++";
				CLANG_ENABLE_MODULES = YES;
				CLANG_ENABLE_OBJC_ARC = YES;
				CLANG_WARN_BOOL_CONVERSION = YES;
				CLANG_WARN_CONSTANT_CONVERSION = YES;
				CLANG_WARN_DIRECT_OBJC_ISA_USAGE = YES_ERROR;
				CLANG_WARN_EMPTY_BODY = YES;
				CLANG_WARN_ENUM_CONVERSION = YES;
				CLANG_WARN_INT_CONVERSION = YES;
				CLANG_WARN_OBJC_ROOT_CLASS = YES_ERROR;
				CLANG_WARN_UNREACHABLE_CODE = YES;
				CLANG_WARN__DUPLICATE_METHOD_MATCH = YES;
				"CODE_SIGN_IDENTITY[sdk=iphoneos*]" = "iPhone Developer";
				COPY_PHASE_STRIP = YES;
				ENABLE_NS_ASSERTIONS = NO;
				ENABLE_STRICT_OBJC_MSGSEND = YES;
				GCC_C_LANGUAGE_STANDARD = gnu99;
				GCC_WARN_64_TO_32_BIT_CONVERSION = YES;
				GCC_WARN_ABOUT_RETURN_TYPE = YES_ERROR;
				GCC_WARN_UNDECLARED_SELECTOR = YES;
				GCC_WARN_UNINITIALIZED_AUTOS = YES_AGGRESSIVE;
				GCC_WARN_UNUSED_FUNCTION = YES;
				GCC_WARN_UNUSED_VARIABLE = YES;
				IPHONEOS_DEPLOYMENT_TARGET = 8.0;
				MTL_ENABLE_DEBUG_INFO = NO;
				SDKROOT = iphoneos;
				TARGETED_DEVICE_FAMILY = "1,2";
				VALIDATE_PRODUCT = YES;
			};
			name = Release;
		};
		A340FF8E19990945003E4809 /* Debug */ = {
			isa = XCBuildConfiguration;
			buildSettings = {
				ASSETCATALOG_COMPILER_APPICON_NAME = AppIcon;
				ASSETCATALOG_COMPILER_LAUNCHIMAGE_NAME = LaunchImage;
				CODE_SIGN_IDENTITY = "iPhone Developer";
				INFOPLIST_FILE = "swift-breakout/Info.plist";
				LD_RUNPATH_SEARCH_PATHS = "$(inherited) @executable_path/Frameworks";
				PRODUCT_NAME = "$(TARGET_NAME)";
			};
			name = Debug;
		};
		A340FF8F19990945003E4809 /* Release */ = {
			isa = XCBuildConfiguration;
			buildSettings = {
				ASSETCATALOG_COMPILER_APPICON_NAME = AppIcon;
				ASSETCATALOG_COMPILER_LAUNCHIMAGE_NAME = LaunchImage;
				CODE_SIGN_IDENTITY = "iPhone Developer";
				INFOPLIST_FILE = "swift-breakout/Info.plist";
				LD_RUNPATH_SEARCH_PATHS = "$(inherited) @executable_path/Frameworks";
				PRODUCT_NAME = "$(TARGET_NAME)";
			};
			name = Release;
		};
		A340FF9119990945003E4809 /* Debug */ = {
			isa = XCBuildConfiguration;
			buildSettings = {
				BUNDLE_LOADER = "$(TEST_HOST)";
				FRAMEWORK_SEARCH_PATHS = (
					"$(SDKROOT)/Developer/Library/Frameworks",
					"$(inherited)",
				);
				GCC_PREPROCESSOR_DEFINITIONS = (
					"DEBUG=1",
					"$(inherited)",
				);
				INFOPLIST_FILE = "swift-breakoutTests/Info.plist";
				LD_RUNPATH_SEARCH_PATHS = "$(inherited) @executable_path/Frameworks @loader_path/Frameworks";
				PRODUCT_NAME = "$(TARGET_NAME)";
				TEST_HOST = "$(BUILT_PRODUCTS_DIR)/swift-breakout.app/swift-breakout";
			};
			name = Debug;
		};
		A340FF9219990945003E4809 /* Release */ = {
			isa = XCBuildConfiguration;
			buildSettings = {
				BUNDLE_LOADER = "$(TEST_HOST)";
				FRAMEWORK_SEARCH_PATHS = (
					"$(SDKROOT)/Developer/Library/Frameworks",
					"$(inherited)",
				);
				INFOPLIST_FILE = "swift-breakoutTests/Info.plist";
				LD_RUNPATH_SEARCH_PATHS = "$(inherited) @executable_path/Frameworks @loader_path/Frameworks";
				PRODUCT_NAME = "$(TARGET_NAME)";
				TEST_HOST = "$(BUILT_PRODUCTS_DIR)/swift-breakout.app/swift-breakout";
			};
			name = Release;
		};
/* End XCBuildConfiguration section */

/* Begin XCConfigurationList section */
		A340FF6C19990945003E4809 /* Build configuration list for PBXProject "swift-breakout" */ = {
			isa = XCConfigurationList;
			buildConfigurations = (
				A340FF8B19990945003E4809 /* Debug */,
				A340FF8C19990945003E4809 /* Release */,
			);
			defaultConfigurationIsVisible = 0;
			defaultConfigurationName = Release;
		};
		A340FF8D19990945003E4809 /* Build configuration list for PBXNativeTarget "swift-breakout" */ = {
			isa = XCConfigurationList;
			buildConfigurations = (
				A340FF8E19990945003E4809 /* Debug */,
				A340FF8F19990945003E4809 /* Release */,
			);
			defaultConfigurationIsVisible = 0;
		};
		A340FF9019990945003E4809 /* Build configuration list for PBXNativeTarget "swift-breakoutTests" */ = {
			isa = XCConfigurationList;
			buildConfigurations = (
				A340FF9119990945003E4809 /* Debug */,
				A340FF9219990945003E4809 /* Release */,
			);
			defaultConfigurationIsVisible = 0;
		};
/* End XCConfigurationList section */
	};
	rootObject = A340FF6919990945003E4809 /* Project object */;
}
