// !$*UTF8*$!
{
	archiveVersion = 1;
	classes = {
	};
	objectVersion = 46;
	objects = {

/* Begin PBXBuildFile section */
		A317C72F19A24E79008E8F80 /* Ball.swift in Sources */ = {isa = PBXBuildFile; fileRef = A317C72E19A24E79008E8F80 /* Ball.swift */; };
		A317C73119A251D4008E8F80 /* Brick.swift in Sources */ = {isa = PBXBuildFile; fileRef = A317C73019A251D4008E8F80 /* Brick.swift */; };
		A329EE25199C021600FFA06C /* Breakout.swift in Sources */ = {isa = PBXBuildFile; fileRef = A329EE24199C021600FFA06C /* Breakout.swift */; };
		A329EE30199C022B00FFA06C /* BallAimer.swift in Sources */ = {isa = PBXBuildFile; fileRef = A329EE27199C022B00FFA06C /* BallAimer.swift */; };
		A329EE31199C022B00FFA06C /* Damageable.swift in Sources */ = {isa = PBXBuildFile; fileRef = A329EE28199C022B00FFA06C /* Damageable.swift */; };
		A329EE32199C022B00FFA06C /* GameState.swift in Sources */ = {isa = PBXBuildFile; fileRef = A329EE29199C022B00FFA06C /* GameState.swift */; };
		A329EE33199C022B00FFA06C /* BallSystem.swift in Sources */ = {isa = PBXBuildFile; fileRef = A329EE2B199C022B00FFA06C /* BallSystem.swift */; };
		A329EE34199C022B00FFA06C /* BrickSystem.swift in Sources */ = {isa = PBXBuildFile; fileRef = A329EE2C199C022B00FFA06C /* BrickSystem.swift */; };
		A329EE35199C022B00FFA06C /* DamageSystem.swift in Sources */ = {isa = PBXBuildFile; fileRef = A329EE2D199C022B00FFA06C /* DamageSystem.swift */; };
		A329EE36199C022B00FFA06C /* GameManagerSystem.swift in Sources */ = {isa = PBXBuildFile; fileRef = A329EE2E199C022B00FFA06C /* GameManagerSystem.swift */; };
		A329EE37199C022B00FFA06C /* PaddleSystem.swift in Sources */ = {isa = PBXBuildFile; fileRef = A329EE2F199C022B00FFA06C /* PaddleSystem.swift */; };
		A329EE3D199C02E700FFA06C /* LGSwiftEngine.framework in Frameworks */ = {isa = PBXBuildFile; fileRef = A329EE3C199C02E700FFA06C /* LGSwiftEngine.framework */; };
		A329EE3E199C02E700FFA06C /* LGSwiftEngine.framework in Embed Frameworks */ = {isa = PBXBuildFile; fileRef = A329EE3C199C02E700FFA06C /* LGSwiftEngine.framework */; settings = {ATTRIBUTES = (CodeSignOnCopy, RemoveHeadersOnCopy, ); }; };
		A340FF7719990945003E4809 /* AppDelegate.swift in Sources */ = {isa = PBXBuildFile; fileRef = A340FF7619990945003E4809 /* AppDelegate.swift */; };
		A340FF7E19990945003E4809 /* Images.xcassets in Resources */ = {isa = PBXBuildFile; fileRef = A340FF7D19990945003E4809 /* Images.xcassets */; };
		A340FF941999099A003E4809 /* LICENSE in Resources */ = {isa = PBXBuildFile; fileRef = A340FF931999099A003E4809 /* LICENSE */; };
		A3E443AA19C4B76C00567F18 /* GameScene.swift in Sources */ = {isa = PBXBuildFile; fileRef = A3E443A919C4B76C00567F18 /* GameScene.swift */; };
		A3F01F6C19AE4BF000C4F505 /* bounce.wav in Resources */ = {isa = PBXBuildFile; fileRef = A3F01F6B19AE4BF000C4F505 /* bounce.wav */; };
		A3F01F6E19AE4E1E00C4F505 /* break.wav in Resources */ = {isa = PBXBuildFile; fileRef = A3F01F6D19AE4E1E00C4F505 /* break.wav */; };
/* End PBXBuildFile section */

/* Begin PBXCopyFilesBuildPhase section */
		A32A4B1F199AE6E100A1863E /* Embed Frameworks */ = {
			isa = PBXCopyFilesBuildPhase;
			buildActionMask = 2147483647;
			dstPath = "";
			dstSubfolderSpec = 10;
			files = (
				A329EE3E199C02E700FFA06C /* LGSwiftEngine.framework in Embed Frameworks */,
			);
			name = "Embed Frameworks";
			runOnlyForDeploymentPostprocessing = 0;
		};
/* End PBXCopyFilesBuildPhase section */

/* Begin PBXFileReference section */
		A317C72E19A24E79008E8F80 /* Ball.swift */ = {isa = PBXFileReference; fileEncoding = 4; lastKnownFileType = sourcecode.swift; path = Ball.swift; sourceTree = "<group>"; };
		A317C73019A251D4008E8F80 /* Brick.swift */ = {isa = PBXFileReference; fileEncoding = 4; lastKnownFileType = sourcecode.swift; path = Brick.swift; sourceTree = "<group>"; };
		A329EE24199C021600FFA06C /* Breakout.swift */ = {isa = PBXFileReference; fileEncoding = 4; lastKnownFileType = sourcecode.swift; path = Breakout.swift; sourceTree = "<group>"; };
		A329EE27199C022B00FFA06C /* BallAimer.swift */ = {isa = PBXFileReference; fileEncoding = 4; lastKnownFileType = sourcecode.swift; path = BallAimer.swift; sourceTree = "<group>"; };
		A329EE28199C022B00FFA06C /* Damageable.swift */ = {isa = PBXFileReference; fileEncoding = 4; lastKnownFileType = sourcecode.swift; path = Damageable.swift; sourceTree = "<group>"; };
		A329EE29199C022B00FFA06C /* GameState.swift */ = {isa = PBXFileReference; fileEncoding = 4; lastKnownFileType = sourcecode.swift; path = GameState.swift; sourceTree = "<group>"; };
		A329EE2B199C022B00FFA06C /* BallSystem.swift */ = {isa = PBXFileReference; fileEncoding = 4; lastKnownFileType = sourcecode.swift; path = BallSystem.swift; sourceTree = "<group>"; };
		A329EE2C199C022B00FFA06C /* BrickSystem.swift */ = {isa = PBXFileReference; fileEncoding = 4; lastKnownFileType = sourcecode.swift; path = BrickSystem.swift; sourceTree = "<group>"; };
		A329EE2D199C022B00FFA06C /* DamageSystem.swift */ = {isa = PBXFileReference; fileEncoding = 4; lastKnownFileType = sourcecode.swift; path = DamageSystem.swift; sourceTree = "<group>"; };
		A329EE2E199C022B00FFA06C /* GameManagerSystem.swift */ = {isa = PBXFileReference; fileEncoding = 4; lastKnownFileType = sourcecode.swift; path = GameManagerSystem.swift; sourceTree = "<group>"; };
		A329EE2F199C022B00FFA06C /* PaddleSystem.swift */ = {isa = PBXFileReference; fileEncoding = 4; lastKnownFileType = sourcecode.swift; path = PaddleSystem.swift; sourceTree = "<group>"; };
		A329EE3C199C02E700FFA06C /* LGSwiftEngine.framework */ = {isa = PBXFileReference; explicitFileType = wrapper.framework; name = LGSwiftEngine.framework; path = "/Users/Luke/Library/Developer/Xcode/DerivedData/swift-workspace-fhhkxfkewjkseibguecjabdndrit/Build/Products/Debug-iphoneos/LGSwiftEngine.framework"; sourceTree = "<absolute>"; };
		A340FF7119990945003E4809 /* swift-breakout.app */ = {isa = PBXFileReference; explicitFileType = wrapper.application; includeInIndex = 0; path = "swift-breakout.app"; sourceTree = BUILT_PRODUCTS_DIR; };
		A340FF7519990945003E4809 /* Info.plist */ = {isa = PBXFileReference; lastKnownFileType = text.plist.xml; path = Info.plist; sourceTree = "<group>"; };
		A340FF7619990945003E4809 /* AppDelegate.swift */ = {isa = PBXFileReference; lastKnownFileType = sourcecode.swift; path = AppDelegate.swift; sourceTree = "<group>"; };
		A340FF7D19990945003E4809 /* Images.xcassets */ = {isa = PBXFileReference; lastKnownFileType = folder.assetcatalog; path = Images.xcassets; sourceTree = "<group>"; };
		A340FF931999099A003E4809 /* LICENSE */ = {isa = PBXFileReference; fileEncoding = 4; lastKnownFileType = text; path = LICENSE; sourceTree = "<group>"; };
		A340FF95199909AA003E4809 /* README.md */ = {isa = PBXFileReference; fileEncoding = 4; lastKnownFileType = net.daringfireball.markdown; path = README.md; sourceTree = "<group>"; };
		A3E443A919C4B76C00567F18 /* GameScene.swift */ = {isa = PBXFileReference; fileEncoding = 4; lastKnownFileType = sourcecode.swift; path = GameScene.swift; sourceTree = "<group>"; };
		A3F01F6B19AE4BF000C4F505 /* bounce.wav */ = {isa = PBXFileReference; lastKnownFileType = audio.wav; path = bounce.wav; sourceTree = "<group>"; };
		A3F01F6D19AE4E1E00C4F505 /* break.wav */ = {isa = PBXFileReference; lastKnownFileType = audio.wav; path = break.wav; sourceTree = "<group>"; };
/* End PBXFileReference section */

/* Begin PBXFrameworksBuildPhase section */
		A340FF6E19990945003E4809 /* Frameworks */ = {
			isa = PBXFrameworksBuildPhase;
			buildActionMask = 2147483647;
			files = (
				A329EE3D199C02E700FFA06C /* LGSwiftEngine.framework in Frameworks */,
			);
			runOnlyForDeploymentPostprocessing = 0;
		};
/* End PBXFrameworksBuildPhase section */

/* Begin PBXGroup section */
		A329EE26199C022B00FFA06C /* Components */ = {
			isa = PBXGroup;
			children = (
				A317C72E19A24E79008E8F80 /* Ball.swift */,
				A329EE27199C022B00FFA06C /* BallAimer.swift */,
				A317C73019A251D4008E8F80 /* Brick.swift */,
				A329EE28199C022B00FFA06C /* Damageable.swift */,
				A329EE29199C022B00FFA06C /* GameState.swift */,
			);
			path = Components;
			sourceTree = "<group>";
		};
		A329EE2A199C022B00FFA06C /* Systems */ = {
			isa = PBXGroup;
			children = (
				A329EE2B199C022B00FFA06C /* BallSystem.swift */,
				A329EE2C199C022B00FFA06C /* BrickSystem.swift */,
				A329EE2D199C022B00FFA06C /* DamageSystem.swift */,
				A329EE2E199C022B00FFA06C /* GameManagerSystem.swift */,
				A329EE2F199C022B00FFA06C /* PaddleSystem.swift */,
			);
			path = Systems;
			sourceTree = "<group>";
		};
		A329EE3B199C02B200FFA06C /* Frameworks */ = {
			isa = PBXGroup;
			children = (
				A329EE3C199C02E700FFA06C /* LGSwiftEngine.framework */,
			);
			name = Frameworks;
			sourceTree = "<group>";
		};
		A340FF6819990945003E4809 = {
			isa = PBXGroup;
			children = (
				A340FF95199909AA003E4809 /* README.md */,
				A340FF931999099A003E4809 /* LICENSE */,
				A340FF7319990945003E4809 /* swift-breakout */,
				A329EE3B199C02B200FFA06C /* Frameworks */,
				A340FF7219990945003E4809 /* Products */,
			);
			sourceTree = "<group>";
		};
		A340FF7219990945003E4809 /* Products */ = {
			isa = PBXGroup;
			children = (
				A340FF7119990945003E4809 /* swift-breakout.app */,
			);
			name = Products;
			sourceTree = "<group>";
		};
		A340FF7319990945003E4809 /* swift-breakout */ = {
			isa = PBXGroup;
			children = (
				A329EE26199C022B00FFA06C /* Components */,
				A3E443A819C4B76200567F18 /* Scenes */,
				A329EE2A199C022B00FFA06C /* Systems */,
				A340FF7619990945003E4809 /* AppDelegate.swift */,
				A329EE24199C021600FFA06C /* Breakout.swift */,
				A340FF7D19990945003E4809 /* Images.xcassets */,
				A3F01F5C19AE434F00C4F505 /* Resources */,
				A340FF7419990945003E4809 /* Supporting Files */,
			);
			path = "swift-breakout";
			sourceTree = "<group>";
		};
		A340FF7419990945003E4809 /* Supporting Files */ = {
			isa = PBXGroup;
			children = (
				A340FF7519990945003E4809 /* Info.plist */,
			);
			name = "Supporting Files";
			sourceTree = "<group>";
		};
		A3E443A819C4B76200567F18 /* Scenes */ = {
			isa = PBXGroup;
			children = (
				A3E443A919C4B76C00567F18 /* GameScene.swift */,
			);
			path = Scenes;
			sourceTree = "<group>";
		};
		A3F01F5C19AE434F00C4F505 /* Resources */ = {
			isa = PBXGroup;
			children = (
				A3F01F6B19AE4BF000C4F505 /* bounce.wav */,
				A3F01F6D19AE4E1E00C4F505 /* break.wav */,
			);
			path = Resources;
			sourceTree = "<group>";
		};
/* End PBXGroup section */

/* Begin PBXNativeTarget section */
		A340FF7019990945003E4809 /* swift-breakout */ = {
			isa = PBXNativeTarget;
			buildConfigurationList = A340FF8D19990945003E4809 /* Build configuration list for PBXNativeTarget "swift-breakout" */;
			buildPhases = (
				A340FF6D19990945003E4809 /* Sources */,
				A340FF6E19990945003E4809 /* Frameworks */,
				A340FF6F19990945003E4809 /* Resources */,
				A32A4B1F199AE6E100A1863E /* Embed Frameworks */,
			);
			buildRules = (
			);
			dependencies = (
			);
			name = "swift-breakout";
			productName = "swift-breakout";
			productReference = A340FF7119990945003E4809 /* swift-breakout.app */;
			productType = "com.apple.product-type.application";
		};
/* End PBXNativeTarget section */

/* Begin PBXProject section */
		A340FF6919990945003E4809 /* Project object */ = {
			isa = PBXProject;
			attributes = {
				LastUpgradeCheck = 0600;
				ORGANIZATIONNAME = "Luke Godfrey";
				TargetAttributes = {
					A340FF7019990945003E4809 = {
						CreatedOnToolsVersion = 6.0;
						DevelopmentTeam = FUJL25JX4T;
					};
				};
			};
			buildConfigurationList = A340FF6C19990945003E4809 /* Build configuration list for PBXProject "swift-breakout" */;
			compatibilityVersion = "Xcode 3.2";
			developmentRegion = English;
			hasScannedForEncodings = 0;
			knownRegions = (
				en,
				Base,
			);
			mainGroup = A340FF6819990945003E4809;
			productRefGroup = A340FF7219990945003E4809 /* Products */;
			projectDirPath = "";
			projectRoot = "";
			targets = (
				A340FF7019990945003E4809 /* swift-breakout */,
			);
		};
/* End PBXProject section */

/* Begin PBXResourcesBuildPhase section */
		A340FF6F19990945003E4809 /* Resources */ = {
			isa = PBXResourcesBuildPhase;
			buildActionMask = 2147483647;
			files = (
				A3F01F6E19AE4E1E00C4F505 /* break.wav in Resources */,
				A340FF941999099A003E4809 /* LICENSE in Resources */,
				A340FF7E19990945003E4809 /* Images.xcassets in Resources */,
				A3F01F6C19AE4BF000C4F505 /* bounce.wav in Resources */,
			);
			runOnlyForDeploymentPostprocessing = 0;
		};
/* End PBXResourcesBuildPhase section */

/* Begin PBXSourcesBuildPhase section */
		A340FF6D19990945003E4809 /* Sources */ = {
			isa = PBXSourcesBuildPhase;
			buildActionMask = 2147483647;
			files = (
				A317C72F19A24E79008E8F80 /* Ball.swift in Sources */,
				A329EE37199C022B00FFA06C /* PaddleSystem.swift in Sources */,
				A329EE30199C022B00FFA06C /* BallAimer.swift in Sources */,
				A329EE35199C022B00FFA06C /* DamageSystem.swift in Sources */,
				A329EE25199C021600FFA06C /* Breakout.swift in Sources */,
				A317C73119A251D4008E8F80 /* Brick.swift in Sources */,
				A329EE32199C022B00FFA06C /* GameState.swift in Sources */,
				A329EE33199C022B00FFA06C /* BallSystem.swift in Sources */,
				A3E443AA19C4B76C00567F18 /* GameScene.swift in Sources */,
				A329EE36199C022B00FFA06C /* GameManagerSystem.swift in Sources */,
				A329EE34199C022B00FFA06C /* BrickSystem.swift in Sources */,
				A329EE31199C022B00FFA06C /* Damageable.swift in Sources */,
				A340FF7719990945003E4809 /* AppDelegate.swift in Sources */,
			);
			runOnlyForDeploymentPostprocessing = 0;
		};
/* End PBXSourcesBuildPhase section */

/* Begin XCBuildConfiguration section */
		A340FF8B19990945003E4809 /* Debug */ = {
			isa = XCBuildConfiguration;
			buildSettings = {
				ALWAYS_SEARCH_USER_PATHS = NO;
				CLANG_CXX_LANGUAGE_STANDARD = "gnu++0x";
				CLANG_CXX_LIBRARY = "libc++";
				CLANG_ENABLE_MODULES = YES;
				CLANG_ENABLE_OBJC_ARC = YES;
				CLANG_WARN_BOOL_CONVERSION = YES;
				CLANG_WARN_CONSTANT_CONVERSION = YES;
				CLANG_WARN_DIRECT_OBJC_ISA_USAGE = YES_ERROR;
				CLANG_WARN_EMPTY_BODY = YES;
				CLANG_WARN_ENUM_CONVERSION = YES;
				CLANG_WARN_INT_CONVERSION = YES;
				CLANG_WARN_OBJC_ROOT_CLASS = YES_ERROR;
				CLANG_WARN_UNREACHABLE_CODE = YES;
				CLANG_WARN__DUPLICATE_METHOD_MATCH = YES;
				"CODE_SIGN_IDENTITY[sdk=iphoneos*]" = "iPhone Developer";
				COPY_PHASE_STRIP = NO;
				ENABLE_STRICT_OBJC_MSGSEND = YES;
				GCC_C_LANGUAGE_STANDARD = gnu99;
				GCC_DYNAMIC_NO_PIC = NO;
				GCC_OPTIMIZATION_LEVEL = 0;
				GCC_PREPROCESSOR_DEFINITIONS = (
					"DEBUG=1",
					"$(inherited)",
				);
				GCC_SYMBOLS_PRIVATE_EXTERN = NO;
				GCC_WARN_64_TO_32_BIT_CONVERSION = YES;
				GCC_WARN_ABOUT_RETURN_TYPE = YES_ERROR;
				GCC_WARN_UNDECLARED_SELECTOR = YES;
				GCC_WARN_UNINITIALIZED_AUTOS = YES_AGGRESSIVE;
				GCC_WARN_UNUSED_FUNCTION = YES;
				GCC_WARN_UNUSED_VARIABLE = YES;
				IPHONEOS_DEPLOYMENT_TARGET = 8.0;
				MTL_ENABLE_DEBUG_INFO = YES;
				ONLY_ACTIVE_ARCH = YES;
				SDKROOT = iphoneos;
				SWIFT_OPTIMIZATION_LEVEL = "-Onone";
				TARGETED_DEVICE_FAMILY = "1,2";
			};
			name = Debug;
		};
		A340FF8C19990945003E4809 /* Release */ = {
			isa = XCBuildConfiguration;
			buildSettings = {
				ALWAYS_SEARCH_USER_PATHS = NO;
				CLANG_CXX_LANGUAGE_STANDARD = "gnu++0x";
				CLANG_CXX_LIBRARY = "libc++";
				CLANG_ENABLE_MODULES = YES;
				CLANG_ENABLE_OBJC_ARC = YES;
				CLANG_WARN_BOOL_CONVERSION = YES;
				CLANG_WARN_CONSTANT_CONVERSION = YES;
				CLANG_WARN_DIRECT_OBJC_ISA_USAGE = YES_ERROR;
				CLANG_WARN_EMPTY_BODY = YES;
				CLANG_WARN_ENUM_CONVERSION = YES;
				CLANG_WARN_INT_CONVERSION = YES;
				CLANG_WARN_OBJC_ROOT_CLASS = YES_ERROR;
				CLANG_WARN_UNREACHABLE_CODE = YES;
				CLANG_WARN__DUPLICATE_METHOD_MATCH = YES;
				"CODE_SIGN_IDENTITY[sdk=iphoneos*]" = "iPhone Developer";
				COPY_PHASE_STRIP = YES;
				ENABLE_NS_ASSERTIONS = NO;
				ENABLE_STRICT_OBJC_MSGSEND = YES;
				GCC_C_LANGUAGE_STANDARD = gnu99;
				GCC_WARN_64_TO_32_BIT_CONVERSION = YES;
				GCC_WARN_ABOUT_RETURN_TYPE = YES_ERROR;
				GCC_WARN_UNDECLARED_SELECTOR = YES;
				GCC_WARN_UNINITIALIZED_AUTOS = YES_AGGRESSIVE;
				GCC_WARN_UNUSED_FUNCTION = YES;
				GCC_WARN_UNUSED_VARIABLE = YES;
				IPHONEOS_DEPLOYMENT_TARGET = 8.0;
				MTL_ENABLE_DEBUG_INFO = NO;
				SDKROOT = iphoneos;
				TARGETED_DEVICE_FAMILY = "1,2";
				VALIDATE_PRODUCT = YES;
			};
			name = Release;
		};
		A340FF8E19990945003E4809 /* Debug */ = {
			isa = XCBuildConfiguration;
			buildSettings = {
				ASSETCATALOG_COMPILER_APPICON_NAME = AppIcon;
				ASSETCATALOG_COMPILER_LAUNCHIMAGE_NAME = LaunchImage;
				CODE_SIGN_IDENTITY = "iPhone Developer";
				EMBEDDED_CONTENT_CONTAINS_SWIFT = NO;
				FRAMEWORK_SEARCH_PATHS = (
					"$(inherited)",
					"$(USER_LIBRARY_DIR)/Developer/Xcode/DerivedData/swift-workspace-fhhkxfkewjkseibguecjabdndrit/Build/Products/Debug-iphoneos",
				);
				INFOPLIST_FILE = "swift-breakout/Info.plist";
				LD_RUNPATH_SEARCH_PATHS = "$(inherited) @executable_path/Frameworks";
				PRODUCT_NAME = "$(TARGET_NAME)";
			};
			name = Debug;
		};
		A340FF8F19990945003E4809 /* Release */ = {
			isa = XCBuildConfiguration;
			buildSettings = {
				ASSETCATALOG_COMPILER_APPICON_NAME = AppIcon;
				ASSETCATALOG_COMPILER_LAUNCHIMAGE_NAME = LaunchImage;
				CODE_SIGN_IDENTITY = "iPhone Developer";
				EMBEDDED_CONTENT_CONTAINS_SWIFT = NO;
				FRAMEWORK_SEARCH_PATHS = (
					"$(inherited)",
					"$(USER_LIBRARY_DIR)/Developer/Xcode/DerivedData/swift-workspace-fhhkxfkewjkseibguecjabdndrit/Build/Products/Debug-iphoneos",
				);
				INFOPLIST_FILE = "swift-breakout/Info.plist";
				LD_RUNPATH_SEARCH_PATHS = "$(inherited) @executable_path/Frameworks";
				PRODUCT_NAME = "$(TARGET_NAME)";
			};
			name = Release;
		};
/* End XCBuildConfiguration section */

/* Begin XCConfigurationList section */
		A340FF6C19990945003E4809 /* Build configuration list for PBXProject "swift-breakout" */ = {
			isa = XCConfigurationList;
			buildConfigurations = (
				A340FF8B19990945003E4809 /* Debug */,
				A340FF8C19990945003E4809 /* Release */,
			);
			defaultConfigurationIsVisible = 0;
			defaultConfigurationName = Release;
		};
		A340FF8D19990945003E4809 /* Build configuration list for PBXNativeTarget "swift-breakout" */ = {
			isa = XCConfigurationList;
			buildConfigurations = (
				A340FF8E19990945003E4809 /* Debug */,
				A340FF8F19990945003E4809 /* Release */,
			);
			defaultConfigurationIsVisible = 0;
			defaultConfigurationName = Release;
		};
/* End XCConfigurationList section */
	};
	rootObject = A340FF6919990945003E4809 /* Project object */;
}
